
Microsoft Visual Studio Solution File, Format Version 12.00
# Visual Studio Version 17
VisualStudioVersion = 17.0.31903.59
MinimumVisualStudioVersion = 10.0.40219.1
Project("{2150E333-8FDC-42A3-9474-1A3956D46DE8}") = "backend", "backend", "{6E8FF734-8525-441B-9129-4D3ADBBEAE7F}"
EndProject
Project("{FAE04EC0-301F-11D3-BF4B-00C04F79EFBC}") = "OnlineExam.Api", "backend\OnlineExam.Api\OnlineExam.Api.csproj", "{AB8B89DE-3A21-4F2E-8AE8-3D62E9C745F4}"
EndProject
Global
	GlobalSection(SolutionConfigurationPlatforms) = preSolution
		Debug|Any CPU = Debug|Any CPU
		Release|Any CPU = Release|Any CPU
	EndGlobalSection
	GlobalSection(SolutionProperties) = preSolution
		HideSolutionNode = FALSE
	EndGlobalSection
	GlobalSection(ProjectConfigurationPlatforms) = postSolution
		{AB8B89DE-3A21-4F2E-8AE8-3D62E9C745F4}.Debug|Any CPU.ActiveCfg = Debug|Any CPU
		{AB8B89DE-3A21-4F2E-8AE8-3D62E9C745F4}.Debug|Any CPU.Build.0 = Debug|Any CPU
		{AB8B89DE-3A21-4F2E-8AE8-3D62E9C745F4}.Release|Any CPU.ActiveCfg = Release|Any CPU
		{AB8B89DE-3A21-4F2E-8AE8-3D62E9C745F4}.Release|Any CPU.Build.0 = Release|Any CPU
	EndGlobalSection
	GlobalSection(NestedProjects) = preSolution
		{AB8B89DE-3A21-4F2E-8AE8-3D62E9C745F4} = {6E8FF734-8525-441B-9129-4D3ADBBEAE7F}
	EndGlobalSection
EndGlobal
